
Microsoft Visual Studio Solution File, Format Version 12.00
Project("{FAE04EC0-301F-11D3-BF4B-00C04F79EFBC}") = "TeamInfection", "TeamInfection\TeamInfection.csproj", "{8B0A21F6-F88E-46CE-ACD9-6B0814305E62}"
EndProject
Project("{FAE04EC0-301F-11D3-BF4B-00C04F79EFBC}") = "HotPotato", "HotPotato\HotPotato.csproj", "{A7AB62F3-7599-4A53-B11E-973AB93971E4}"
EndProject
Global
	GlobalSection(SolutionConfigurationPlatforms) = preSolution
		Debug|Any CPU = Debug|Any CPU
		Release|Any CPU = Release|Any CPU
	EndGlobalSection
	GlobalSection(ProjectConfigurationPlatforms) = postSolution
		{8B0A21F6-F88E-46CE-ACD9-6B0814305E62}.Debug|Any CPU.ActiveCfg = Debug|Any CPU
		{8B0A21F6-F88E-46CE-ACD9-6B0814305E62}.Debug|Any CPU.Build.0 = Debug|Any CPU
		{8B0A21F6-F88E-46CE-ACD9-6B0814305E62}.Release|Any CPU.ActiveCfg = Release|Any CPU
		{8B0A21F6-F88E-46CE-ACD9-6B0814305E62}.Release|Any CPU.Build.0 = Release|Any CPU
		{A7AB62F3-7599-4A53-B11E-973AB93971E4}.Debug|Any CPU.ActiveCfg = Debug|Any CPU
		{A7AB62F3-7599-4A53-B11E-973AB93971E4}.Debug|Any CPU.Build.0 = Debug|Any CPU
		{A7AB62F3-7599-4A53-B11E-973AB93971E4}.Release|Any CPU.ActiveCfg = Release|Any CPU
		{A7AB62F3-7599-4A53-B11E-973AB93971E4}.Release|Any CPU.Build.0 = Release|Any CPU
	EndGlobalSection
EndGlobal
